
Microsoft Visual Studio Solution File, Format Version 12.00
# Visual Studio Version 17
VisualStudioVersion = 17.4.33122.133
MinimumVisualStudioVersion = 10.0.40219.1
Project("{FAE04EC0-301F-11D3-BF4B-00C04F79EFBC}") = "JSONDemo", "JSONDemo\JSONDemo.csproj", "{D93BE1F1-CAF2-426E-A51A-05ECE03B2889}"
EndProject
Global
	GlobalSection(SolutionConfigurationPlatforms) = preSolution
		Debug|Any CPU = Debug|Any CPU
		Release|Any CPU = Release|Any CPU
	EndGlobalSection
	GlobalSection(ProjectConfigurationPlatforms) = postSolution
		{D93BE1F1-CAF2-426E-A51A-05ECE03B2889}.Debug|Any CPU.ActiveCfg = Debug|Any CPU
		{D93BE1F1-CAF2-426E-A51A-05ECE03B2889}.Debug|Any CPU.Build.0 = Debug|Any CPU
		{D93BE1F1-CAF2-426E-A51A-05ECE03B2889}.Release|Any CPU.ActiveCfg = Release|Any CPU
		{D93BE1F1-CAF2-426E-A51A-05ECE03B2889}.Release|Any CPU.Build.0 = Release|Any CPU
	EndGlobalSection
	GlobalSection(SolutionProperties) = preSolution
		HideSolutionNode = FALSE
	EndGlobalSection
	GlobalSection(ExtensibilityGlobals) = postSolution
		SolutionGuid = {A32B1444-F90B-4427-B26A-83D4A7306186}
	EndGlobalSection
EndGlobal
